
Microsoft Visual Studio Solution File, Format Version 12.00
# Visual Studio Version 17
VisualStudioVersion = 17.3.32929.385
MinimumVisualStudioVersion = 10.0.40219.1
Project("{FAE04EC0-301F-11D3-BF4B-00C04F79EFBC}") = "МДК 0101", "МДК 0101\МДК 0101.csproj", "{76A92BD0-9695-4A25-A1D4-F38D14AA06C8}"
EndProject
Global
	GlobalSection(SolutionConfigurationPlatforms) = preSolution
		Debug|Any CPU = Debug|Any CPU
		Release|Any CPU = Release|Any CPU
	EndGlobalSection
	GlobalSection(ProjectConfigurationPlatforms) = postSolution
		{76A92BD0-9695-4A25-A1D4-F38D14AA06C8}.Debug|Any CPU.ActiveCfg = Debug|Any CPU
		{76A92BD0-9695-4A25-A1D4-F38D14AA06C8}.Debug|Any CPU.Build.0 = Debug|Any CPU
		{76A92BD0-9695-4A25-A1D4-F38D14AA06C8}.Release|Any CPU.ActiveCfg = Release|Any CPU
		{76A92BD0-9695-4A25-A1D4-F38D14AA06C8}.Release|Any CPU.Build.0 = Release|Any CPU
	EndGlobalSection
	GlobalSection(SolutionProperties) = preSolution
		HideSolutionNode = FALSE
	EndGlobalSection
	GlobalSection(ExtensibilityGlobals) = postSolution
		SolutionGuid = {CEADA223-607C-4F9A-9B54-92F16A5F4274}
	EndGlobalSection
EndGlobal
